// !$*UTF8*$!
{
	archiveVersion = 1;
	classes = {
	};
	objectVersion = 50;
	objects = {

/* Begin PBXBuildFile section */
		04A6BF46229677C10009C449 /* AppDelegate.m in Sources */ = {isa = PBXBuildFile; fileRef = 04A6BF45229677C10009C449 /* AppDelegate.m */; };
		04A6BF49229677C10009C449 /* ViewController.m in Sources */ = {isa = PBXBuildFile; fileRef = 04A6BF48229677C10009C449 /* ViewController.m */; };
		04A6BF4C229677C10009C449 /* Main.storyboard in Resources */ = {isa = PBXBuildFile; fileRef = 04A6BF4A229677C10009C449 /* Main.storyboard */; };
		04A6BF4E229677C20009C449 /* Assets.xcassets in Resources */ = {isa = PBXBuildFile; fileRef = 04A6BF4D229677C20009C449 /* Assets.xcassets */; };
		04A6BF51229677C20009C449 /* LaunchScreen.storyboard in Resources */ = {isa = PBXBuildFile; fileRef = 04A6BF4F229677C20009C449 /* LaunchScreen.storyboard */; };
		04A6BF54229677C20009C449 /* main.m in Sources */ = {isa = PBXBuildFile; fileRef = 04A6BF53229677C20009C449 /* main.m */; };
		04A6BF6D2296781A0009C449 /* user.json in Resources */ = {isa = PBXBuildFile; fileRef = 04A6BF5C2296781A0009C449 /* user.json */; };
		04A6BF6E2296781A0009C449 /* GitHubUser.m in Sources */ = {isa = PBXBuildFile; fileRef = 04A6BF5D2296781A0009C449 /* GitHubUser.m */; };
		04A6BF6F2296781A0009C449 /* LICENSE in Resources */ = {isa = PBXBuildFile; fileRef = 04A6BF5F2296781A0009C449 /* LICENSE */; };
		04A6BF702296781A0009C449 /* README.md in Resources */ = {isa = PBXBuildFile; fileRef = 04A6BF602296781A0009C449 /* README.md */; };
		04A6BF712296781A0009C449 /* NSObject+YYModel.m in Sources */ = {isa = PBXBuildFile; fileRef = 04A6BF642296781A0009C449 /* NSObject+YYModel.m */; };
		04A6BF722296781A0009C449 /* YYClassInfo.m in Sources */ = {isa = PBXBuildFile; fileRef = 04A6BF652296781A0009C449 /* YYClassInfo.m */; };
		04A6BF732296781A0009C449 /* YYWeiboModel.m in Sources */ = {isa = PBXBuildFile; fileRef = 04A6BF682296781A0009C449 /* YYWeiboModel.m */; };
		04A6BF742296781A0009C449 /* DateFormatter.m in Sources */ = {isa = PBXBuildFile; fileRef = 04A6BF692296781A0009C449 /* DateFormatter.m */; };
		04A6BF752296781A0009C449 /* weibo.json in Resources */ = {isa = PBXBuildFile; fileRef = 04A6BF6B2296781A0009C449 /* weibo.json */; };
		04A6BF7D229E2A940009C449 /* YYModel_ReadTests.m in Sources */ = {isa = PBXBuildFile; fileRef = 04A6BF7C229E2A940009C449 /* YYModel_ReadTests.m */; };
		04A6BF90229E2C440009C449 /* YYTestBlacklistWhitelist.m in Sources */ = {isa = PBXBuildFile; fileRef = 04A6BF84229E2C440009C449 /* YYTestBlacklistWhitelist.m */; };
		04A6BF91229E2C440009C449 /* YYTestModelToJSON.m in Sources */ = {isa = PBXBuildFile; fileRef = 04A6BF85229E2C440009C449 /* YYTestModelToJSON.m */; };
		04A6BF92229E2C440009C449 /* YYTestAutoTypeConvert.m in Sources */ = {isa = PBXBuildFile; fileRef = 04A6BF86229E2C440009C449 /* YYTestAutoTypeConvert.m */; };
		04A6BF93229E2C440009C449 /* YYTestCustomClass.m in Sources */ = {isa = PBXBuildFile; fileRef = 04A6BF87229E2C440009C449 /* YYTestCustomClass.m */; };
		04A6BF94229E2C440009C449 /* YYTestCustomTransform.m in Sources */ = {isa = PBXBuildFile; fileRef = 04A6BF88229E2C440009C449 /* YYTestCustomTransform.m */; };
		04A6BF95229E2C440009C449 /* YYTestCopyingAndCoding.m in Sources */ = {isa = PBXBuildFile; fileRef = 04A6BF89229E2C440009C449 /* YYTestCopyingAndCoding.m */; };
		04A6BF96229E2C440009C449 /* YYTestHelper.m in Sources */ = {isa = PBXBuildFile; fileRef = 04A6BF8B229E2C440009C449 /* YYTestHelper.m */; };
		04A6BF97229E2C440009C449 /* YYTestModelMapper.m in Sources */ = {isa = PBXBuildFile; fileRef = 04A6BF8C229E2C440009C449 /* YYTestModelMapper.m */; };
		04A6BF98229E2C440009C449 /* YYTestNestModel.m in Sources */ = {isa = PBXBuildFile; fileRef = 04A6BF8D229E2C440009C449 /* YYTestNestModel.m */; };
		04A6BF99229E2C440009C449 /* YYTestDescription.m in Sources */ = {isa = PBXBuildFile; fileRef = 04A6BF8E229E2C440009C449 /* YYTestDescription.m */; };
		04A6BF9A229E2C440009C449 /* YYTestClassInfo.m in Sources */ = {isa = PBXBuildFile; fileRef = 04A6BF8F229E2C440009C449 /* YYTestClassInfo.m */; };
/* End PBXBuildFile section */

/* Begin PBXContainerItemProxy section */
		04A6BF7F229E2A940009C449 /* PBXContainerItemProxy */ = {
			isa = PBXContainerItemProxy;
			containerPortal = 04A6BF39229677C10009C449 /* Project object */;
			proxyType = 1;
			remoteGlobalIDString = 04A6BF40229677C10009C449;
			remoteInfo = YYModel_Read;
		};
/* End PBXContainerItemProxy section */

/* Begin PBXFileReference section */
		04A6BF41229677C10009C449 /* YYModel_Read.app */ = {isa = PBXFileReference; explicitFileType = wrapper.application; includeInIndex = 0; path = YYModel_Read.app; sourceTree = BUILT_PRODUCTS_DIR; };
		04A6BF44229677C10009C449 /* AppDelegate.h */ = {isa = PBXFileReference; lastKnownFileType = sourcecode.c.h; path = AppDelegate.h; sourceTree = "<group>"; };
		04A6BF45229677C10009C449 /* AppDelegate.m */ = {isa = PBXFileReference; lastKnownFileType = sourcecode.c.objc; path = AppDelegate.m; sourceTree = "<group>"; };
		04A6BF47229677C10009C449 /* ViewController.h */ = {isa = PBXFileReference; lastKnownFileType = sourcecode.c.h; path = ViewController.h; sourceTree = "<group>"; };
		04A6BF48229677C10009C449 /* ViewController.m */ = {isa = PBXFileReference; lastKnownFileType = sourcecode.c.objc; path = ViewController.m; sourceTree = "<group>"; };
		04A6BF4B229677C10009C449 /* Base */ = {isa = PBXFileReference; lastKnownFileType = file.storyboard; name = Base; path = Base.lproj/Main.storyboard; sourceTree = "<group>"; };
		04A6BF4D229677C20009C449 /* Assets.xcassets */ = {isa = PBXFileReference; lastKnownFileType = folder.assetcatalog; path = Assets.xcassets; sourceTree = "<group>"; };
		04A6BF50229677C20009C449 /* Base */ = {isa = PBXFileReference; lastKnownFileType = file.storyboard; name = Base; path = Base.lproj/LaunchScreen.storyboard; sourceTree = "<group>"; };
		04A6BF52229677C20009C449 /* Info.plist */ = {isa = PBXFileReference; lastKnownFileType = text.plist.xml; path = Info.plist; sourceTree = "<group>"; };
		04A6BF53229677C20009C449 /* main.m */ = {isa = PBXFileReference; lastKnownFileType = sourcecode.c.objc; path = main.m; sourceTree = "<group>"; };
		04A6BF5B2296781A0009C449 /* GitHubUser.h */ = {isa = PBXFileReference; fileEncoding = 4; lastKnownFileType = sourcecode.c.h; path = GitHubUser.h; sourceTree = "<group>"; };
		04A6BF5C2296781A0009C449 /* user.json */ = {isa = PBXFileReference; fileEncoding = 4; lastKnownFileType = text.json; path = user.json; sourceTree = "<group>"; };
		04A6BF5D2296781A0009C449 /* GitHubUser.m */ = {isa = PBXFileReference; fileEncoding = 4; lastKnownFileType = sourcecode.c.objc; path = GitHubUser.m; sourceTree = "<group>"; };
		04A6BF5F2296781A0009C449 /* LICENSE */ = {isa = PBXFileReference; fileEncoding = 4; lastKnownFileType = text; path = LICENSE; sourceTree = "<group>"; };
		04A6BF602296781A0009C449 /* README.md */ = {isa = PBXFileReference; fileEncoding = 4; lastKnownFileType = net.daringfireball.markdown; path = README.md; sourceTree = "<group>"; };
		04A6BF622296781A0009C449 /* YYClassInfo.h */ = {isa = PBXFileReference; fileEncoding = 4; lastKnownFileType = sourcecode.c.h; path = YYClassInfo.h; sourceTree = "<group>"; };
		04A6BF632296781A0009C449 /* YYModel.h */ = {isa = PBXFileReference; fileEncoding = 4; lastKnownFileType = sourcecode.c.h; path = YYModel.h; sourceTree = "<group>"; };
		04A6BF642296781A0009C449 /* NSObject+YYModel.m */ = {isa = PBXFileReference; fileEncoding = 4; lastKnownFileType = sourcecode.c.objc; path = "NSObject+YYModel.m"; sourceTree = "<group>"; };
		04A6BF652296781A0009C449 /* YYClassInfo.m */ = {isa = PBXFileReference; fileEncoding = 4; lastKnownFileType = sourcecode.c.objc; path = YYClassInfo.m; sourceTree = "<group>"; };
		04A6BF662296781A0009C449 /* NSObject+YYModel.h */ = {isa = PBXFileReference; fileEncoding = 4; lastKnownFileType = sourcecode.c.h; path = "NSObject+YYModel.h"; sourceTree = "<group>"; };
		04A6BF682296781A0009C449 /* YYWeiboModel.m */ = {isa = PBXFileReference; fileEncoding = 4; lastKnownFileType = sourcecode.c.objc; path = YYWeiboModel.m; sourceTree = "<group>"; };
		04A6BF692296781A0009C449 /* DateFormatter.m */ = {isa = PBXFileReference; fileEncoding = 4; lastKnownFileType = sourcecode.c.objc; path = DateFormatter.m; sourceTree = "<group>"; };
		04A6BF6A2296781A0009C449 /* YYWeiboModel.h */ = {isa = PBXFileReference; fileEncoding = 4; lastKnownFileType = sourcecode.c.h; path = YYWeiboModel.h; sourceTree = "<group>"; };
		04A6BF6B2296781A0009C449 /* weibo.json */ = {isa = PBXFileReference; fileEncoding = 4; lastKnownFileType = text.json; path = weibo.json; sourceTree = "<group>"; };
		04A6BF6C2296781A0009C449 /* DateFormatter.h */ = {isa = PBXFileReference; fileEncoding = 4; lastKnownFileType = sourcecode.c.h; path = DateFormatter.h; sourceTree = "<group>"; };
		04A6BF7A229E2A940009C449 /* YYModel_ReadTests.xctest */ = {isa = PBXFileReference; explicitFileType = wrapper.cfbundle; includeInIndex = 0; path = YYModel_ReadTests.xctest; sourceTree = BUILT_PRODUCTS_DIR; };
		04A6BF7C229E2A940009C449 /* YYModel_ReadTests.m */ = {isa = PBXFileReference; lastKnownFileType = sourcecode.c.objc; path = YYModel_ReadTests.m; sourceTree = "<group>"; };
		04A6BF7E229E2A940009C449 /* Info.plist */ = {isa = PBXFileReference; lastKnownFileType = text.plist.xml; path = Info.plist; sourceTree = "<group>"; };
		04A6BF84229E2C440009C449 /* YYTestBlacklistWhitelist.m */ = {isa = PBXFileReference; fileEncoding = 4; lastKnownFileType = sourcecode.c.objc; path = YYTestBlacklistWhitelist.m; sourceTree = "<group>"; };
		04A6BF85229E2C440009C449 /* YYTestModelToJSON.m */ = {isa = PBXFileReference; fileEncoding = 4; lastKnownFileType = sourcecode.c.objc; path = YYTestModelToJSON.m; sourceTree = "<group>"; };
		04A6BF86229E2C440009C449 /* YYTestAutoTypeConvert.m */ = {isa = PBXFileReference; fileEncoding = 4; lastKnownFileType = sourcecode.c.objc; path = YYTestAutoTypeConvert.m; sourceTree = "<group>"; };
		04A6BF87229E2C440009C449 /* YYTestCustomClass.m */ = {isa = PBXFileReference; fileEncoding = 4; lastKnownFileType = sourcecode.c.objc; path = YYTestCustomClass.m; sourceTree = "<group>"; };
		04A6BF88229E2C440009C449 /* YYTestCustomTransform.m */ = {isa = PBXFileReference; fileEncoding = 4; lastKnownFileType = sourcecode.c.objc; path = YYTestCustomTransform.m; sourceTree = "<group>"; };
		04A6BF89229E2C440009C449 /* YYTestCopyingAndCoding.m */ = {isa = PBXFileReference; fileEncoding = 4; lastKnownFileType = sourcecode.c.objc; path = YYTestCopyingAndCoding.m; sourceTree = "<group>"; };
		04A6BF8A229E2C440009C449 /* YYTestHelper.h */ = {isa = PBXFileReference; fileEncoding = 4; lastKnownFileType = sourcecode.c.h; path = YYTestHelper.h; sourceTree = "<group>"; };
		04A6BF8B229E2C440009C449 /* YYTestHelper.m */ = {isa = PBXFileReference; fileEncoding = 4; lastKnownFileType = sourcecode.c.objc; path = YYTestHelper.m; sourceTree = "<group>"; };
		04A6BF8C229E2C440009C449 /* YYTestModelMapper.m */ = {isa = PBXFileReference; fileEncoding = 4; lastKnownFileType = sourcecode.c.objc; path = YYTestModelMapper.m; sourceTree = "<group>"; };
		04A6BF8D229E2C440009C449 /* YYTestNestModel.m */ = {isa = PBXFileReference; fileEncoding = 4; lastKnownFileType = sourcecode.c.objc; path = YYTestNestModel.m; sourceTree = "<group>"; };
		04A6BF8E229E2C440009C449 /* YYTestDescription.m */ = {isa = PBXFileReference; fileEncoding = 4; lastKnownFileType = sourcecode.c.objc; path = YYTestDescription.m; sourceTree = "<group>"; };
		04A6BF8F229E2C440009C449 /* YYTestClassInfo.m */ = {isa = PBXFileReference; fileEncoding = 4; lastKnownFileType = sourcecode.c.objc; path = YYTestClassInfo.m; sourceTree = "<group>"; };
/* End PBXFileReference section */

/* Begin PBXFrameworksBuildPhase section */
		04A6BF3E229677C10009C449 /* Frameworks */ = {
			isa = PBXFrameworksBuildPhase;
			buildActionMask = 2147483647;
			files = (
			);
			runOnlyForDeploymentPostprocessing = 0;
		};
		04A6BF77229E2A940009C449 /* Frameworks */ = {
			isa = PBXFrameworksBuildPhase;
			buildActionMask = 2147483647;
			files = (
			);
			runOnlyForDeploymentPostprocessing = 0;
		};
/* End PBXFrameworksBuildPhase section */

/* Begin PBXGroup section */
		04A6BF38229677C10009C449 = {
			isa = PBXGroup;
			children = (
				04A6BF43229677C10009C449 /* YYModel_Read */,
				04A6BF7B229E2A940009C449 /* YYModel_ReadTests */,
				04A6BF42229677C10009C449 /* Products */,
			);
			sourceTree = "<group>";
		};
		04A6BF42229677C10009C449 /* Products */ = {
			isa = PBXGroup;
			children = (
				04A6BF41229677C10009C449 /* YYModel_Read.app */,
				04A6BF7A229E2A940009C449 /* YYModel_ReadTests.xctest */,
			);
			name = Products;
			sourceTree = "<group>";
		};
		04A6BF43229677C10009C449 /* YYModel_Read */ = {
			isa = PBXGroup;
			children = (
				04A6BF5A2296781A0009C449 /* GithubUserModel */,
				04A6BF672296781A0009C449 /* WeiboModel */,
				04A6BF5E2296781A0009C449 /* YYModel */,
				04A6BF44229677C10009C449 /* AppDelegate.h */,
				04A6BF45229677C10009C449 /* AppDelegate.m */,
				04A6BF47229677C10009C449 /* ViewController.h */,
				04A6BF48229677C10009C449 /* ViewController.m */,
				04A6BF4A229677C10009C449 /* Main.storyboard */,
				04A6BF4D229677C20009C449 /* Assets.xcassets */,
				04A6BF4F229677C20009C449 /* LaunchScreen.storyboard */,
				04A6BF52229677C20009C449 /* Info.plist */,
				04A6BF53229677C20009C449 /* main.m */,
			);
			path = YYModel_Read;
			sourceTree = "<group>";
		};
		04A6BF5A2296781A0009C449 /* GithubUserModel */ = {
			isa = PBXGroup;
			children = (
				04A6BF5B2296781A0009C449 /* GitHubUser.h */,
				04A6BF5D2296781A0009C449 /* GitHubUser.m */,
				04A6BF5C2296781A0009C449 /* user.json */,
			);
			path = GithubUserModel;
			sourceTree = "<group>";
		};
		04A6BF5E2296781A0009C449 /* YYModel */ = {
			isa = PBXGroup;
			children = (
				04A6BF5F2296781A0009C449 /* LICENSE */,
				04A6BF602296781A0009C449 /* README.md */,
				04A6BF612296781A0009C449 /* YYModel */,
			);
			path = YYModel;
			sourceTree = "<group>";
		};
		04A6BF612296781A0009C449 /* YYModel */ = {
			isa = PBXGroup;
			children = (
				04A6BF662296781A0009C449 /* NSObject+YYModel.h */,
				04A6BF642296781A0009C449 /* NSObject+YYModel.m */,
				04A6BF622296781A0009C449 /* YYClassInfo.h */,
				04A6BF652296781A0009C449 /* YYClassInfo.m */,
				04A6BF632296781A0009C449 /* YYModel.h */,
			);
			path = YYModel;
			sourceTree = "<group>";
		};
		04A6BF672296781A0009C449 /* WeiboModel */ = {
			isa = PBXGroup;
			children = (
				04A6BF6C2296781A0009C449 /* DateFormatter.h */,
				04A6BF692296781A0009C449 /* DateFormatter.m */,
				04A6BF6B2296781A0009C449 /* weibo.json */,
				04A6BF6A2296781A0009C449 /* YYWeiboModel.h */,
				04A6BF682296781A0009C449 /* YYWeiboModel.m */,
			);
			path = WeiboModel;
			sourceTree = "<group>";
		};
		04A6BF7B229E2A940009C449 /* YYModel_ReadTests */ = {
			isa = PBXGroup;
			children = (
				04A6BF7E229E2A940009C449 /* Info.plist */,
				04A6BF7C229E2A940009C449 /* YYModel_ReadTests.m */,
				04A6BF86229E2C440009C449 /* YYTestAutoTypeConvert.m */,
				04A6BF84229E2C440009C449 /* YYTestBlacklistWhitelist.m */,
				04A6BF8F229E2C440009C449 /* YYTestClassInfo.m */,
				04A6BF89229E2C440009C449 /* YYTestCopyingAndCoding.m */,
				04A6BF87229E2C440009C449 /* YYTestCustomClass.m */,
				04A6BF88229E2C440009C449 /* YYTestCustomTransform.m */,
				04A6BF8E229E2C440009C449 /* YYTestDescription.m */,
				04A6BF8A229E2C440009C449 /* YYTestHelper.h */,
				04A6BF8B229E2C440009C449 /* YYTestHelper.m */,
				04A6BF8C229E2C440009C449 /* YYTestModelMapper.m */,
				04A6BF85229E2C440009C449 /* YYTestModelToJSON.m */,
				04A6BF8D229E2C440009C449 /* YYTestNestModel.m */,
			);
			path = YYModel_ReadTests;
			sourceTree = "<group>";
		};
/* End PBXGroup section */

/* Begin PBXNativeTarget section */
		04A6BF40229677C10009C449 /* YYModel_Read */ = {
			isa = PBXNativeTarget;
			buildConfigurationList = 04A6BF57229677C20009C449 /* Build configuration list for PBXNativeTarget "YYModel_Read" */;
			buildPhases = (
				04A6BF3D229677C10009C449 /* Sources */,
				04A6BF3E229677C10009C449 /* Frameworks */,
				04A6BF3F229677C10009C449 /* Resources */,
			);
			buildRules = (
			);
			dependencies = (
			);
			name = YYModel_Read;
			productName = YYModel_Read;
			productReference = 04A6BF41229677C10009C449 /* YYModel_Read.app */;
			productType = "com.apple.product-type.application";
		};
		04A6BF79229E2A940009C449 /* YYModel_ReadTests */ = {
			isa = PBXNativeTarget;
			buildConfigurationList = 04A6BF83229E2A940009C449 /* Build configuration list for PBXNativeTarget "YYModel_ReadTests" */;
			buildPhases = (
				04A6BF76229E2A940009C449 /* Sources */,
				04A6BF77229E2A940009C449 /* Frameworks */,
				04A6BF78229E2A940009C449 /* Resources */,
			);
			buildRules = (
			);
			dependencies = (
				04A6BF80229E2A940009C449 /* PBXTargetDependency */,
			);
			name = YYModel_ReadTests;
			productName = YYModel_ReadTests;
			productReference = 04A6BF7A229E2A940009C449 /* YYModel_ReadTests.xctest */;
			productType = "com.apple.product-type.bundle.unit-test";
		};
/* End PBXNativeTarget section */

/* Begin PBXProject section */
		04A6BF39229677C10009C449 /* Project object */ = {
			isa = PBXProject;
			attributes = {
				LastUpgradeCheck = 1010;
				ORGANIZATIONNAME = mac;
				TargetAttributes = {
					04A6BF40229677C10009C449 = {
						CreatedOnToolsVersion = 10.1;
					};
					04A6BF79229E2A940009C449 = {
						CreatedOnToolsVersion = 10.1;
						TestTargetID = 04A6BF40229677C10009C449;
					};
				};
			};
			buildConfigurationList = 04A6BF3C229677C10009C449 /* Build configuration list for PBXProject "YYModel_Read" */;
			compatibilityVersion = "Xcode 9.3";
			developmentRegion = en;
			hasScannedForEncodings = 0;
			knownRegions = (
				en,
				Base,
			);
			mainGroup = 04A6BF38229677C10009C449;
			productRefGroup = 04A6BF42229677C10009C449 /* Products */;
			projectDirPath = "";
			projectRoot = "";
			targets = (
				04A6BF40229677C10009C449 /* YYModel_Read */,
				04A6BF79229E2A940009C449 /* YYModel_ReadTests */,
			);
		};
/* End PBXProject section */

/* Begin PBXResourcesBuildPhase section */
		04A6BF3F229677C10009C449 /* Resources */ = {
			isa = PBXResourcesBuildPhase;
			buildActionMask = 2147483647;
			files = (
				04A6BF702296781A0009C449 /* README.md in Resources */,
				04A6BF6D2296781A0009C449 /* user.json in Resources */,
				04A6BF51229677C20009C449 /* LaunchScreen.storyboard in Resources */,
				04A6BF4E229677C20009C449 /* Assets.xcassets in Resources */,
				04A6BF4C229677C10009C449 /* Main.storyboard in Resources */,
				04A6BF6F2296781A0009C449 /* LICENSE in Resources */,
				04A6BF752296781A0009C449 /* weibo.json in Resources */,
			);
			runOnlyForDeploymentPostprocessing = 0;
		};
		04A6BF78229E2A940009C449 /* Resources */ = {
			isa = PBXResourcesBuildPhase;
			buildActionMask = 2147483647;
			files = (
			);
			runOnlyForDeploymentPostprocessing = 0;
		};
/* End PBXResourcesBuildPhase section */

/* Begin PBXSourcesBuildPhase section */
		04A6BF3D229677C10009C449 /* Sources */ = {
			isa = PBXSourcesBuildPhase;
			buildActionMask = 2147483647;
			files = (
				04A6BF49229677C10009C449 /* ViewController.m in Sources */,
				04A6BF712296781A0009C449 /* NSObject+YYModel.m in Sources */,
				04A6BF6E2296781A0009C449 /* GitHubUser.m in Sources */,
				04A6BF54229677C20009C449 /* main.m in Sources */,
				04A6BF742296781A0009C449 /* DateFormatter.m in Sources */,
				04A6BF722296781A0009C449 /* YYClassInfo.m in Sources */,
				04A6BF46229677C10009C449 /* AppDelegate.m in Sources */,
				04A6BF732296781A0009C449 /* YYWeiboModel.m in Sources */,
			);
			runOnlyForDeploymentPostprocessing = 0;
		};
		04A6BF76229E2A940009C449 /* Sources */ = {
			isa = PBXSourcesBuildPhase;
			buildActionMask = 2147483647;
			files = (
				04A6BF92229E2C440009C449 /* YYTestAutoTypeConvert.m in Sources */,
				04A6BF7D229E2A940009C449 /* YYModel_ReadTests.m in Sources */,
				04A6BF90229E2C440009C449 /* YYTestBlacklistWhitelist.m in Sources */,
				04A6BF99229E2C440009C449 /* YYTestDescription.m in Sources */,
				04A6BF98229E2C440009C449 /* YYTestNestModel.m in Sources */,
				04A6BF96229E2C440009C449 /* YYTestHelper.m in Sources */,
				04A6BF93229E2C440009C449 /* YYTestCustomClass.m in Sources */,
				04A6BF91229E2C440009C449 /* YYTestModelToJSON.m in Sources */,
				04A6BF9A229E2C440009C449 /* YYTestClassInfo.m in Sources */,
				04A6BF95229E2C440009C449 /* YYTestCopyingAndCoding.m in Sources */,
				04A6BF94229E2C440009C449 /* YYTestCustomTransform.m in Sources */,
				04A6BF97229E2C440009C449 /* YYTestModelMapper.m in Sources */,
			);
			runOnlyForDeploymentPostprocessing = 0;
		};
/* End PBXSourcesBuildPhase section */

/* Begin PBXTargetDependency section */
		04A6BF80229E2A940009C449 /* PBXTargetDependency */ = {
			isa = PBXTargetDependency;
			target = 04A6BF40229677C10009C449 /* YYModel_Read */;
			targetProxy = 04A6BF7F229E2A940009C449 /* PBXContainerItemProxy */;
		};
/* End PBXTargetDependency section */

/* Begin PBXVariantGroup section */
		04A6BF4A229677C10009C449 /* Main.storyboard */ = {
			isa = PBXVariantGroup;
			children = (
				04A6BF4B229677C10009C449 /* Base */,
			);
			name = Main.storyboard;
			sourceTree = "<group>";
		};
		04A6BF4F229677C20009C449 /* LaunchScreen.storyboard */ = {
			isa = PBXVariantGroup;
			children = (
				04A6BF50229677C20009C449 /* Base */,
			);
			name = LaunchScreen.storyboard;
			sourceTree = "<group>";
		};
/* End PBXVariantGroup section */

/* Begin XCBuildConfiguration section */
		04A6BF55229677C20009C449 /* Debug */ = {
			isa = XCBuildConfiguration;
			buildSettings = {
				ALWAYS_SEARCH_USER_PATHS = NO;
				CLANG_ANALYZER_NONNULL = YES;
				CLANG_ANALYZER_NUMBER_OBJECT_CONVERSION = YES_AGGRESSIVE;
				CLANG_CXX_LANGUAGE_STANDARD = "gnu++14";
				CLANG_CXX_LIBRARY = "libc++";
				CLANG_ENABLE_MODULES = YES;
				CLANG_ENABLE_OBJC_ARC = YES;
				CLANG_ENABLE_OBJC_WEAK = YES;
				CLANG_WARN_BLOCK_CAPTURE_AUTORELEASING = YES;
				CLANG_WARN_BOOL_CONVERSION = YES;
				CLANG_WARN_COMMA = YES;
				CLANG_WARN_CONSTANT_CONVERSION = YES;
				CLANG_WARN_DEPRECATED_OBJC_IMPLEMENTATIONS = YES;
				CLANG_WARN_DIRECT_OBJC_ISA_USAGE = YES_ERROR;
				CLANG_WARN_DOCUMENTATION_COMMENTS = YES;
				CLANG_WARN_EMPTY_BODY = YES;
				CLANG_WARN_ENUM_CONVERSION = YES;
				CLANG_WARN_INFINITE_RECURSION = YES;
				CLANG_WARN_INT_CONVERSION = YES;
				CLANG_WARN_NON_LITERAL_NULL_CONVERSION = YES;
				CLANG_WARN_OBJC_IMPLICIT_RETAIN_SELF = YES;
				CLANG_WARN_OBJC_LITERAL_CONVERSION = YES;
				CLANG_WARN_OBJC_ROOT_CLASS = YES_ERROR;
				CLANG_WARN_RANGE_LOOP_ANALYSIS = YES;
				CLANG_WARN_STRICT_PROTOTYPES = YES;
				CLANG_WARN_SUSPICIOUS_MOVE = YES;
				CLANG_WARN_UNGUARDED_AVAILABILITY = YES_AGGRESSIVE;
				CLANG_WARN_UNREACHABLE_CODE = YES;
				CLANG_WARN__DUPLICATE_METHOD_MATCH = YES;
				CODE_SIGN_IDENTITY = "iPhone Developer";
				COPY_PHASE_STRIP = NO;
				DEBUG_INFORMATION_FORMAT = dwarf;
				ENABLE_STRICT_OBJC_MSGSEND = YES;
				ENABLE_TESTABILITY = YES;
				GCC_C_LANGUAGE_STANDARD = gnu11;
				GCC_DYNAMIC_NO_PIC = NO;
				GCC_NO_COMMON_BLOCKS = YES;
				GCC_OPTIMIZATION_LEVEL = 0;
				GCC_PREPROCESSOR_DEFINITIONS = (
					"DEBUG=1",
					"$(inherited)",
				);
				GCC_WARN_64_TO_32_BIT_CONVERSION = YES;
				GCC_WARN_ABOUT_RETURN_TYPE = YES_ERROR;
				GCC_WARN_UNDECLARED_SELECTOR = YES;
				GCC_WARN_UNINITIALIZED_AUTOS = YES_AGGRESSIVE;
				GCC_WARN_UNUSED_FUNCTION = YES;
				GCC_WARN_UNUSED_VARIABLE = YES;
				IPHONEOS_DEPLOYMENT_TARGET = 12.1;
				MTL_ENABLE_DEBUG_INFO = INCLUDE_SOURCE;
				MTL_FAST_MATH = YES;
				ONLY_ACTIVE_ARCH = YES;
				SDKROOT = iphoneos;
			};
			name = Debug;
		};
		04A6BF56229677C20009C449 /* Release */ = {
			isa = XCBuildConfiguration;
			buildSettings = {
				ALWAYS_SEARCH_USER_PATHS = NO;
				CLANG_ANALYZER_NONNULL = YES;
				CLANG_ANALYZER_NUMBER_OBJECT_CONVERSION = YES_AGGRESSIVE;
				CLANG_CXX_LANGUAGE_STANDARD = "gnu++14";
				CLANG_CXX_LIBRARY = "libc++";
				CLANG_ENABLE_MODULES = YES;
				CLANG_ENABLE_OBJC_ARC = YES;
				CLANG_ENABLE_OBJC_WEAK = YES;
				CLANG_WARN_BLOCK_CAPTURE_AUTORELEASING = YES;
				CLANG_WARN_BOOL_CONVERSION = YES;
				CLANG_WARN_COMMA = YES;
				CLANG_WARN_CONSTANT_CONVERSION = YES;
				CLANG_WARN_DEPRECATED_OBJC_IMPLEMENTATIONS = YES;
				CLANG_WARN_DIRECT_OBJC_ISA_USAGE = YES_ERROR;
				CLANG_WARN_DOCUMENTATION_COMMENTS = YES;
				CLANG_WARN_EMPTY_BODY = YES;
				CLANG_WARN_ENUM_CONVERSION = YES;
				CLANG_WARN_INFINITE_RECURSION = YES;
				CLANG_WARN_INT_CONVERSION = YES;
				CLANG_WARN_NON_LITERAL_NULL_CONVERSION = YES;
				CLANG_WARN_OBJC_IMPLICIT_RETAIN_SELF = YES;
				CLANG_WARN_OBJC_LITERAL_CONVERSION = YES;
				CLANG_WARN_OBJC_ROOT_CLASS = YES_ERROR;
				CLANG_WARN_RANGE_LOOP_ANALYSIS = YES;
				CLANG_WARN_STRICT_PROTOTYPES = YES;
				CLANG_WARN_SUSPICIOUS_MOVE = YES;
				CLANG_WARN_UNGUARDED_AVAILABILITY = YES_AGGRESSIVE;
				CLANG_WARN_UNREACHABLE_CODE = YES;
				CLANG_WARN__DUPLICATE_METHOD_MATCH = YES;
				CODE_SIGN_IDENTITY = "iPhone Developer";
				COPY_PHASE_STRIP = NO;
				DEBUG_INFORMATION_FORMAT = "dwarf-with-dsym";
				ENABLE_NS_ASSERTIONS = NO;
				ENABLE_STRICT_OBJC_MSGSEND = YES;
				GCC_C_LANGUAGE_STANDARD = gnu11;
				GCC_NO_COMMON_BLOCKS = YES;
				GCC_WARN_64_TO_32_BIT_CONVERSION = YES;
				GCC_WARN_ABOUT_RETURN_TYPE = YES_ERROR;
				GCC_WARN_UNDECLARED_SELECTOR = YES;
				GCC_WARN_UNINITIALIZED_AUTOS = YES_AGGRESSIVE;
				GCC_WARN_UNUSED_FUNCTION = YES;
				GCC_WARN_UNUSED_VARIABLE = YES;
				IPHONEOS_DEPLOYMENT_TARGET = 12.1;
				MTL_ENABLE_DEBUG_INFO = NO;
				MTL_FAST_MATH = YES;
				SDKROOT = iphoneos;
				VALIDATE_PRODUCT = YES;
			};
			name = Release;
		};
		04A6BF58229677C20009C449 /* Debug */ = {
			isa = XCBuildConfiguration;
			buildSettings = {
				ASSETCATALOG_COMPILER_APPICON_NAME = AppIcon;
				CODE_SIGN_STYLE = Automatic;
				DEVELOPMENT_TEAM = U74G29566D;
				INFOPLIST_FILE = YYModel_Read/Info.plist;
				LD_RUNPATH_SEARCH_PATHS = (
					"$(inherited)",
					"@executable_path/Frameworks",
				);
				PRODUCT_BUNDLE_IDENTIFIER = "com.yunjifen.YYModel-Read";
				PRODUCT_NAME = "$(TARGET_NAME)";
				TARGETED_DEVICE_FAMILY = "1,2";
			};
			name = Debug;
		};
		04A6BF59229677C20009C449 /* Release */ = {
			isa = XCBuildConfiguration;
			buildSettings = {
				ASSETCATALOG_COMPILER_APPICON_NAME = AppIcon;
				CODE_SIGN_STYLE = Automatic;
				DEVELOPMENT_TEAM = U74G29566D;
				INFOPLIST_FILE = YYModel_Read/Info.plist;
				LD_RUNPATH_SEARCH_PATHS = (
					"$(inherited)",
					"@executable_path/Frameworks",
				);
				PRODUCT_BUNDLE_IDENTIFIER = "com.yunjifen.YYModel-Read";
				PRODUCT_NAME = "$(TARGET_NAME)";
				TARGETED_DEVICE_FAMILY = "1,2";
			};
			name = Release;
		};
		04A6BF81229E2A940009C449 /* Debug */ = {
			isa = XCBuildConfiguration;
			buildSettings = {
				BUNDLE_LOADER = "$(TEST_HOST)";
				CODE_SIGN_STYLE = Automatic;
				DEVELOPMENT_TEAM = U74G29566D;
				INFOPLIST_FILE = YYModel_ReadTests/Info.plist;
				LD_RUNPATH_SEARCH_PATHS = (
					"$(inherited)",
					"@executable_path/Frameworks",
					"@loader_path/Frameworks",
				);
				PRODUCT_BUNDLE_IDENTIFIER = "com.yunjifen.YYModel-ReadTests";
				PRODUCT_NAME = "$(TARGET_NAME)";
				TARGETED_DEVICE_FAMILY = "1,2";
				TEST_HOST = "$(BUILT_PRODUCTS_DIR)/YYModel_Read.app/YYModel_Read";
			};
			name = Debug;
		};
		04A6BF82229E2A940009C449 /* Release */ = {
			isa = XCBuildConfiguration;
			buildSettings = {
				BUNDLE_LOADER = "$(TEST_HOST)";
				CODE_SIGN_STYLE = Automatic;
				DEVELOPMENT_TEAM = U74G29566D;
				INFOPLIST_FILE = YYModel_ReadTests/Info.plist;
				LD_RUNPATH_SEARCH_PATHS = (
					"$(inherited)",
					"@executable_path/Frameworks",
					"@loader_path/Frameworks",
				);
				PRODUCT_BUNDLE_IDENTIFIER = "com.yunjifen.YYModel-ReadTests";
				PRODUCT_NAME = "$(TARGET_NAME)";
				TARGETED_DEVICE_FAMILY = "1,2";
				TEST_HOST = "$(BUILT_PRODUCTS_DIR)/YYModel_Read.app/YYModel_Read";
			};
			name = Release;
		};
/* End XCBuildConfiguration section */

/* Begin XCConfigurationList section */
		04A6BF3C229677C10009C449 /* Build configuration list for PBXProject "YYModel_Read" */ = {
			isa = XCConfigurationList;
			buildConfigurations = (
				04A6BF55229677C20009C449 /* Debug */,
				04A6BF56229677C20009C449 /* Release */,
			);
			defaultConfigurationIsVisible = 0;
			defaultConfigurationName = Release;
		};
		04A6BF57229677C20009C449 /* Build configuration list for PBXNativeTarget "YYModel_Read" */ = {
			isa = XCConfigurationList;
			buildConfigurations = (
				04A6BF58229677C20009C449 /* Debug */,
				04A6BF59229677C20009C449 /* Release */,
			);
			defaultConfigurationIsVisible = 0;
			defaultConfigurationName = Release;
		};
		04A6BF83229E2A940009C449 /* Build configuration list for PBXNativeTarget "YYModel_ReadTests" */ = {
			isa = XCConfigurationList;
			buildConfigurations = (
				04A6BF81229E2A940009C449 /* Debug */,
				04A6BF82229E2A940009C449 /* Release */,
			);
			defaultConfigurationIsVisible = 0;
			defaultConfigurationName = Release;
		};
/* End XCConfigurationList section */
	};
	rootObject = 04A6BF39229677C10009C449 /* Project object */;
}
